
Microsoft Visual Studio Solution File, Format Version 12.00
# Visual Studio Version 17
VisualStudioVersion = 17.3.32929.385
MinimumVisualStudioVersion = 10.0.40219.1
Project("{FAE04EC0-301F-11D3-BF4B-00C04F79EFBC}") = "Sys_DZ_01", "Sys_DZ_01\Sys_DZ_01.csproj", "{AA172067-6CB9-4D24-8212-6C2BF711781C}"
EndProject
Global
	GlobalSection(SolutionConfigurationPlatforms) = preSolution
		Debug|Any CPU = Debug|Any CPU
		Release|Any CPU = Release|Any CPU
	EndGlobalSection
	GlobalSection(ProjectConfigurationPlatforms) = postSolution
		{AA172067-6CB9-4D24-8212-6C2BF711781C}.Debug|Any CPU.ActiveCfg = Debug|Any CPU
		{AA172067-6CB9-4D24-8212-6C2BF711781C}.Debug|Any CPU.Build.0 = Debug|Any CPU
		{AA172067-6CB9-4D24-8212-6C2BF711781C}.Release|Any CPU.ActiveCfg = Release|Any CPU
		{AA172067-6CB9-4D24-8212-6C2BF711781C}.Release|Any CPU.Build.0 = Release|Any CPU
	EndGlobalSection
	GlobalSection(SolutionProperties) = preSolution
		HideSolutionNode = FALSE
	EndGlobalSection
	GlobalSection(ExtensibilityGlobals) = postSolution
		SolutionGuid = {42030C80-7E1F-44BD-984B-B2AF7680C2EF}
	EndGlobalSection
EndGlobal
